
Microsoft Visual Studio Solution File, Format Version 12.00
Project("{FAE04EC0-301F-11D3-BF4B-00C04F79EFBC}") = "FastAndQueryous", "FastAndQueryous\FastAndQueryous.csproj", "{6285A9DE-0E25-4DDF-A1C4-0C3D7C9967E8}"
EndProject
Global
	GlobalSection(SolutionConfigurationPlatforms) = preSolution
		Debug|Any CPU = Debug|Any CPU
		Release|Any CPU = Release|Any CPU
	EndGlobalSection
	GlobalSection(ProjectConfigurationPlatforms) = postSolution
		{6285A9DE-0E25-4DDF-A1C4-0C3D7C9967E8}.Debug|Any CPU.ActiveCfg = Debug|Any CPU
		{6285A9DE-0E25-4DDF-A1C4-0C3D7C9967E8}.Debug|Any CPU.Build.0 = Debug|Any CPU
		{6285A9DE-0E25-4DDF-A1C4-0C3D7C9967E8}.Release|Any CPU.ActiveCfg = Release|Any CPU
		{6285A9DE-0E25-4DDF-A1C4-0C3D7C9967E8}.Release|Any CPU.Build.0 = Release|Any CPU
	EndGlobalSection
EndGlobal
